
Microsoft Visual Studio Solution File, Format Version 12.00
# Visual Studio Version 17
VisualStudioVersion = 17.13.35825.156 d17.13
MinimumVisualStudioVersion = 10.0.40219.1
Project("{FAE04EC0-301F-11D3-BF4B-00C04F79EFBC}") = "CV Site.API", "CV Site.API\CV Site.API.csproj", "{7BBC0CB3-D989-48AE-973D-B0C30E9023CA}"
EndProject
Project("{FAE04EC0-301F-11D3-BF4B-00C04F79EFBC}") = "CV Site.Service", "CV Site.Service\CV Site.Service.csproj", "{E1120A9B-E98D-4BB7-810F-6E7DA9D39BA6}"
EndProject
Global
	GlobalSection(SolutionConfigurationPlatforms) = preSolution
		Debug|Any CPU = Debug|Any CPU
		Release|Any CPU = Release|Any CPU
	EndGlobalSection
	GlobalSection(ProjectConfigurationPlatforms) = postSolution
		{7BBC0CB3-D989-48AE-973D-B0C30E9023CA}.Debug|Any CPU.ActiveCfg = Debug|Any CPU
		{7BBC0CB3-D989-48AE-973D-B0C30E9023CA}.Debug|Any CPU.Build.0 = Debug|Any CPU
		{7BBC0CB3-D989-48AE-973D-B0C30E9023CA}.Release|Any CPU.ActiveCfg = Release|Any CPU
		{7BBC0CB3-D989-48AE-973D-B0C30E9023CA}.Release|Any CPU.Build.0 = Release|Any CPU
		{E1120A9B-E98D-4BB7-810F-6E7DA9D39BA6}.Debug|Any CPU.ActiveCfg = Debug|Any CPU
		{E1120A9B-E98D-4BB7-810F-6E7DA9D39BA6}.Debug|Any CPU.Build.0 = Debug|Any CPU
		{E1120A9B-E98D-4BB7-810F-6E7DA9D39BA6}.Release|Any CPU.ActiveCfg = Release|Any CPU
		{E1120A9B-E98D-4BB7-810F-6E7DA9D39BA6}.Release|Any CPU.Build.0 = Release|Any CPU
	EndGlobalSection
	GlobalSection(SolutionProperties) = preSolution
		HideSolutionNode = FALSE
	EndGlobalSection
	GlobalSection(ExtensibilityGlobals) = postSolution
		SolutionGuid = {81F1B711-33E3-40F5-A67A-D0BC8541E5FB}
	EndGlobalSection
EndGlobal
